
Microsoft Visual Studio Solution File, Format Version 12.00
# Visual Studio Version 16
VisualStudioVersion = 16.0.30114.105
MinimumVisualStudioVersion = 10.0.40219.1
Project("{FAE04EC0-301F-11D3-BF4B-00C04F79EFBC}") = "UCmsApi", "UCmsApi\UCmsApi.csproj", "{837EB75D-5AEF-4CB9-9331-E9FD97451382}"
EndProject
Global
	GlobalSection(SolutionConfigurationPlatforms) = preSolution
		Debug|Any CPU = Debug|Any CPU
		Release|Any CPU = Release|Any CPU
	EndGlobalSection
	GlobalSection(ProjectConfigurationPlatforms) = postSolution
		{837EB75D-5AEF-4CB9-9331-E9FD97451382}.Debug|Any CPU.ActiveCfg = Debug|Any CPU
		{837EB75D-5AEF-4CB9-9331-E9FD97451382}.Debug|Any CPU.Build.0 = Debug|Any CPU
		{837EB75D-5AEF-4CB9-9331-E9FD97451382}.Release|Any CPU.ActiveCfg = Release|Any CPU
		{837EB75D-5AEF-4CB9-9331-E9FD97451382}.Release|Any CPU.Build.0 = Release|Any CPU
	EndGlobalSection
	GlobalSection(SolutionProperties) = preSolution
		HideSolutionNode = FALSE
	EndGlobalSection
	GlobalSection(ExtensibilityGlobals) = postSolution
		SolutionGuid = {73156B2A-E551-4AA7-BBCF-0C79CBACC7F6}
	EndGlobalSection
EndGlobal
